schema: '2.0'
stages:
  prepare:
    cmd: poetry run python -m src.data.prepare
    deps:
    - path: src/data/prepare.py
      hash: md5
      md5: 43a6864471a26544a8052c7e02fa7fd3
      size: 3221
    params:
      params.yaml:
        data.random_state: 42
        data.test_size: 0.2
    outs:
    - path: data/processed/test.csv
      hash: md5
      md5: 34dcfb55bc4199e9fb672410134704a5
      size: 909
    - path: data/processed/train.csv
      hash: md5
      md5: b92cdc33a82424684b4c8a70485e6c68
      size: 3369
    - path: data/raw/iris.csv
      hash: md5
      md5: 9b81a5b2beab90b5e381dfb33627d536
      size: 4189
  train:
    cmd: poetry run python -m src.training.train
    deps:
    - path: data/processed/test.csv
      hash: md5
      md5: 34dcfb55bc4199e9fb672410134704a5
      size: 909
    - path: data/processed/train.csv
      hash: md5
      md5: b92cdc33a82424684b4c8a70485e6c68
      size: 3369
    - path: src/evaluation/evaluate.py
      hash: md5
      md5: b28cd8cbbe8604134b4b12abd5a4ea7c
      size: 3312
    - path: src/training/train.py
      hash: md5
      md5: c65e581e6ba45504b387f507fb210dc6
      size: 7314
    params:
      params.yaml:
        data.random_state: 42
        data.test_size: 0.2
        train.max_depth:
        train.n_estimators: 100
    outs:
    - path: models/iris_model.pkl
      hash: md5
      md5: 37ac48ee0aa10e55243a1e9b31dc90a6
      size: 167745
    - path: models/metadata.json
      hash: md5
      md5: e17b823ff93fae1fee8c42b4f519cd11
      size: 345
    - path: models/metrics.json
      hash: md5
      md5: 3d861ec2f304864cc82d11db81a84b62
      size: 107
